{
  "name": "@sonolus/free-pack",
  "version": "1.2.0",
  "lockfileVersion": 3,
  "requires": true,
  "packages": {
    "": {
      "name": "@sonolus/free-pack",
      "version": "1.2.0",
      "license": "MIT",
      "devDependencies": {
        "@sonolus/generate-static": "~5.5.0",
        "@sonolus/pack": "~5.5.0"
      }
    },
    "node_modules/@sinclair/typebox": {
      "version": "0.34.38",
      "resolved": "https://registry.npmjs.org/@sinclair/typebox/-/typebox-0.34.38.tgz",
      "integrity": "sha512-HpkxMmc2XmZKhvaKIZZThlHmx1L0I/V1hWK1NubtlFnr6ZqdiOpV72TKudZUNQjZNsyDBay72qFEhEvb+bcwcA==",
      "dev": true,
      "license": "MIT"
    },
    "node_modules/@sonolus/core": {
      "version": "7.14.0",
      "resolved": "https://registry.npmjs.org/@sonolus/core/-/core-7.14.0.tgz",
      "integrity": "sha512-8WGmmXTGfqwHLgPzDA1YRqKpLjm/29t9RANk7u5MzVKbKUBPsY0aqjlIG/9xd28qK74VV30rrPOQyMYfPbbLFw==",
      "dev": true,
      "license": "MIT"
    },
    "node_modules/@sonolus/generate-static": {
      "version": "5.5.0",
      "resolved": "https://registry.npmjs.org/@sonolus/generate-static/-/generate-static-5.5.0.tgz",
      "integrity": "sha512-oZvjzFQF61xUs6zTTXEVpsJn+QRmoa2TRRiD0aPxGYGOQIsOqWQdYs6AdyRkRiJZ8B8xs6Q1H+1pFSxgHqkSVg==",
      "dev": true,
      "license": "MIT",
      "dependencies": {
        "@sinclair/typebox": "^0.34.38",
        "@sonolus/core": "~7.14.0",
        "commander": "^14.0.0",
        "fs-extra": "^11.3.0"
      },
      "bin": {
        "sonolus-generate-static": "dist/index.js"
      }
    },
    "node_modules/@sonolus/pack": {
      "version": "5.5.0",
      "resolved": "https://registry.npmjs.org/@sonolus/pack/-/pack-5.5.0.tgz",
      "integrity": "sha512-M1pO3LnLS0WxxB01edvnxYRtm6jiNDKiKaE2hePuFyJm1cTCLETwqq6+MTH74Qw8AaiPzDcnMoPsnNVTEhYJfA==",
      "dev": true,
      "license": "MIT",
      "dependencies": {
        "@sinclair/typebox": "^0.34.38",
        "@sonolus/core": "~7.14.0",
        "commander": "^14.0.0",
        "fs-extra": "^11.3.0"
      },
      "bin": {
        "sonolus-pack": "dist/index.js"
      }
    },
    "node_modules/commander": {
      "version": "14.0.0",
      "resolved": "https://registry.npmjs.org/commander/-/commander-14.0.0.tgz",
      "integrity": "sha512-2uM9rYjPvyq39NwLRqaiLtWHyDC1FvryJDa2ATTVims5YAS4PupsEQsDvP14FqhFr0P49CYDugi59xaxJlTXRA==",
      "dev": true,
      "license": "MIT",
      "engines": {
        "node": ">=20"
      }
    },
    "node_modules/fs-extra": {
      "version": "11.3.0",
      "resolved": "https://registry.npmjs.org/fs-extra/-/fs-extra-11.3.0.tgz",
      "integrity": "sha512-Z4XaCL6dUDHfP/jT25jJKMmtxvuwbkrD1vNSMFlo9lNLY2c5FHYSQgHPRZUjAB26TpDEoW9HCOgplrdbaPV/ew==",
      "dev": true,
      "license": "MIT",
      "dependencies": {
        "graceful-fs": "^4.2.0",
        "jsonfile": "^6.0.1",
        "universalify": "^2.0.0"
      },
      "engines": {
        "node": ">=14.14"
      }
    },
    "node_modules/graceful-fs": {
      "version": "4.2.11",
      "resolved": "https://registry.npmjs.org/graceful-fs/-/graceful-fs-4.2.11.tgz",
      "integrity": "sha512-RbJ5/jmFcNNCcDV5o9eTnBLJ/HszWV0P73bc+Ff4nS/rJj+YaS6IGyiOL0VoBYX+l1Wrl3k63h/KrH+nhJ0XvQ==",
      "dev": true,
      "license": "ISC"
    },
    "node_modules/jsonfile": {
      "version": "6.1.0",
      "resolved": "https://registry.npmjs.org/jsonfile/-/jsonfile-6.1.0.tgz",
      "integrity": "sha512-5dgndWOriYSm5cnYaJNhalLNDKOqFwyDB/rr1E9ZsGciGvKPs8R2xYGCacuf3z6K1YKDz182fd+fY3cn3pMqXQ==",
      "dev": true,
      "license": "MIT",
      "dependencies": {
        "universalify": "^2.0.0"
      },
      "optionalDependencies": {
        "graceful-fs": "^4.1.6"
      }
    },
    "node_modules/universalify": {
      "version": "2.0.1",
      "resolved": "https://registry.npmjs.org/universalify/-/universalify-2.0.1.tgz",
      "integrity": "sha512-gptHNQghINnc/vTGIk0SOFGFNXw7JVrlRUtConJRlvaw6DuX0wO5Jeko9sWrMBhh+PsYAZ7oXAiOnf/UKogyiw==",
      "dev": true,
      "license": "MIT",
      "engines": {
        "node": ">= 10.0.0"
      }
    }
  }
}
